PODS:
  - Flutter (1.0.0)
  - geolocator_apple (1.2.0):
    - Flutter
    - FlutterMacOS
  - mapbox_maps_flutter (2.9.1):
    - Flutter
    - MapboxMaps (= 11.13.3)
    - Turf (= 4.0.0)
  - MapboxCommon (24.13.3):
    - Turf (= 4.0.0)
  - MapboxCoreMaps (11.13.3):
    - MapboxCommon (= 24.13.3)
  - MapboxMaps (11.13.3):
    - MapboxCommon (= 24.13.3)
    - MapboxCoreMaps (= 11.13.3)
    - Turf (= 4.0.0)
  - permission_handler_apple (9.3.0):
    - Flutter
  - Turf (4.0.0)

DEPENDENCIES:
  - Flutter (from `Flutter`)
  - geolocator_apple (from `.symlinks/plugins/geolocator_apple/darwin`)
  - mapbox_maps_flutter (from `.symlinks/plugins/mapbox_maps_flutter/ios`)
  - permission_handler_apple (from `.symlinks/plugins/permission_handler_apple/ios`)

SPEC REPOS:
  trunk:
    - MapboxCommon
    - MapboxCoreMaps
    - MapboxMaps
    - Turf

EXTERNAL SOURCES:
  Flutter:
    :path: Flutter
  geolocator_apple:
    :path: ".symlinks/plugins/geolocator_apple/darwin"
  mapbox_maps_flutter:
    :path: ".symlinks/plugins/mapbox_maps_flutter/ios"
  permission_handler_apple:
    :path: ".symlinks/plugins/permission_handler_apple/ios"

SPEC CHECKSUMS:
  Flutter: e0871f40cf51350855a761d2e70bf5af5b9b5de7
  geolocator_apple: 66b711889fd333205763b83c9dcf0a57a28c7afd
  mapbox_maps_flutter: 3bc413b8f350de7433e32dfe9383ff45b291872e
  MapboxCommon: 2bcc5f4477943750ecd5ab3a46e9375761deb4df
  MapboxCoreMaps: 61c6137cf359898c7d4e20cd1cede6c8e814b348
  MapboxMaps: 597037989a759d27d7d88240822457351bce2197
  permission_handler_apple: 9878588469a2b0d0fc1e048d9f43605f92e6cec2
  Turf: c9eb11a65d96af58cac523460fd40fec5061b081

PODFILE CHECKSUM: e30f02f9d1c72c47bb6344a0a748c9d268180865

COCOAPODS: 1.16.2
